
Microsoft Visual Studio Solution File, Format Version 12.00
# Visual Studio 15
VisualStudioVersion = 15.0.26730.16
MinimumVisualStudioVersion = 10.0.40219.1
Project("{FAE04EC0-301F-11D3-BF4B-00C04F79EFBC}") = "NoFog", "NoFog\NoFog.csproj", "{B9497DD8-1ED7-4BBA-A531-B5758BD8496E}"
EndProject
Project("{FAE04EC0-301F-11D3-BF4B-00C04F79EFBC}") = "Flatlands", "Flatlands\Flatlands.csproj", "{00DF5FAC-E16A-48F0-954E-EB5B1328B334}"
EndProject
Global
	GlobalSection(SolutionConfigurationPlatforms) = preSolution
		Debug|Any CPU = Debug|Any CPU
		Release|Any CPU = Release|Any CPU
	EndGlobalSection
	GlobalSection(ProjectConfigurationPlatforms) = postSolution
		{B9497DD8-1ED7-4BBA-A531-B5758BD8496E}.Debug|Any CPU.ActiveCfg = Debug|Any CPU
		{B9497DD8-1ED7-4BBA-A531-B5758BD8496E}.Debug|Any CPU.Build.0 = Debug|Any CPU
		{B9497DD8-1ED7-4BBA-A531-B5758BD8496E}.Release|Any CPU.ActiveCfg = Release|Any CPU
		{B9497DD8-1ED7-4BBA-A531-B5758BD8496E}.Release|Any CPU.Build.0 = Release|Any CPU
		{00DF5FAC-E16A-48F0-954E-EB5B1328B334}.Debug|Any CPU.ActiveCfg = Debug|Any CPU
		{00DF5FAC-E16A-48F0-954E-EB5B1328B334}.Debug|Any CPU.Build.0 = Debug|Any CPU
		{00DF5FAC-E16A-48F0-954E-EB5B1328B334}.Release|Any CPU.ActiveCfg = Release|Any CPU
		{00DF5FAC-E16A-48F0-954E-EB5B1328B334}.Release|Any CPU.Build.0 = Release|Any CPU
	EndGlobalSection
	GlobalSection(SolutionProperties) = preSolution
		HideSolutionNode = FALSE
	EndGlobalSection
	GlobalSection(ExtensibilityGlobals) = postSolution
		SolutionGuid = {3C2FBBA5-C025-4A75-8C25-0CB71479E47C}
	EndGlobalSection
EndGlobal
